
Microsoft Visual Studio Solution File, Format Version 12.00
# Visual Studio 15
VisualStudioVersion = 15.0.28307.136
MinimumVisualStudioVersion = 10.0.40219.1
Project("{9A19103F-16F7-4668-BE54-9A1E7A4F7556}") = "EFCoreSeedMigrations.DataAccess", "EFCoreSeedMigrations.DataAccess\EFCoreSeedMigrations.DataAccess.csproj", "{E111E513-CCF5-4C1F-B8D7-848E1FAF1B86}"
EndProject
Project("{9A19103F-16F7-4668-BE54-9A1E7A4F7556}") = "EFCoreSeedMigrations.API", "EFCoreSeedMigrations.API\EFCoreSeedMigrations.API.csproj", "{8628E096-E48F-4BCD-85C0-584395AB4E30}"
EndProject
Project("{9A19103F-16F7-4668-BE54-9A1E7A4F7556}") = "EFCoreSeedMigrations.SeedMigration", "EFCoreSeedMigrations.SeedMigration\EFCoreSeedMigrations.SeedMigration.csproj", "{A572665F-3724-42A6-9FA1-9D187553CAED}"
EndProject
Project("{FAE04EC0-301F-11D3-BF4B-00C04F79EFBC}") = "EFCoreSeedMigrations.CsvImport", "EFCoreSeedMigrations.CsvImport\EFCoreSeedMigrations.CsvImport.csproj", "{B28AED55-6536-4EED-A515-39DB90BAA6DA}"
EndProject
Global
	GlobalSection(SolutionConfigurationPlatforms) = preSolution
		Debug|Any CPU = Debug|Any CPU
		Release|Any CPU = Release|Any CPU
	EndGlobalSection
	GlobalSection(ProjectConfigurationPlatforms) = postSolution
		{E111E513-CCF5-4C1F-B8D7-848E1FAF1B86}.Debug|Any CPU.ActiveCfg = Debug|Any CPU
		{E111E513-CCF5-4C1F-B8D7-848E1FAF1B86}.Debug|Any CPU.Build.0 = Debug|Any CPU
		{E111E513-CCF5-4C1F-B8D7-848E1FAF1B86}.Release|Any CPU.ActiveCfg = Release|Any CPU
		{E111E513-CCF5-4C1F-B8D7-848E1FAF1B86}.Release|Any CPU.Build.0 = Release|Any CPU
		{8628E096-E48F-4BCD-85C0-584395AB4E30}.Debug|Any CPU.ActiveCfg = Debug|Any CPU
		{8628E096-E48F-4BCD-85C0-584395AB4E30}.Debug|Any CPU.Build.0 = Debug|Any CPU
		{8628E096-E48F-4BCD-85C0-584395AB4E30}.Release|Any CPU.ActiveCfg = Release|Any CPU
		{8628E096-E48F-4BCD-85C0-584395AB4E30}.Release|Any CPU.Build.0 = Release|Any CPU
		{A572665F-3724-42A6-9FA1-9D187553CAED}.Debug|Any CPU.ActiveCfg = Debug|Any CPU
		{A572665F-3724-42A6-9FA1-9D187553CAED}.Debug|Any CPU.Build.0 = Debug|Any CPU
		{A572665F-3724-42A6-9FA1-9D187553CAED}.Release|Any CPU.ActiveCfg = Release|Any CPU
		{A572665F-3724-42A6-9FA1-9D187553CAED}.Release|Any CPU.Build.0 = Release|Any CPU
		{B28AED55-6536-4EED-A515-39DB90BAA6DA}.Debug|Any CPU.ActiveCfg = Debug|Any CPU
		{B28AED55-6536-4EED-A515-39DB90BAA6DA}.Debug|Any CPU.Build.0 = Debug|Any CPU
		{B28AED55-6536-4EED-A515-39DB90BAA6DA}.Release|Any CPU.ActiveCfg = Release|Any CPU
		{B28AED55-6536-4EED-A515-39DB90BAA6DA}.Release|Any CPU.Build.0 = Release|Any CPU
	EndGlobalSection
	GlobalSection(SolutionProperties) = preSolution
		HideSolutionNode = FALSE
	EndGlobalSection
	GlobalSection(ExtensibilityGlobals) = postSolution
		SolutionGuid = {A5036CF1-1BF8-4125-BA4B-C83D3C81731E}
	EndGlobalSection
EndGlobal
